Microsoft Visual Studio Solution File, Format Version 11.00
# Visual Studio 2008

Project("{5B21AD57-6932-C119-2F44-A68BAB901207}") = "Worms_Unity", "Assembly-CSharp-firstpass-vs.csproj", "{61F5EB03-25AF-30F7-C4C9-4E0D6B0CB856}"
EndProject
Project("{5B21AD57-6932-C119-2F44-A68BAB901207}") = "Worms_Unity", "Assembly-CSharp-vs.csproj", "{BC2F4412-6508-D0A9-66E6-0C3DEFD3AD2A}"
EndProject
Project("{5B21AD57-6932-C119-2F44-A68BAB901207}") = "Worms_Unity", "Assembly-CSharp-Editor-vs.csproj", "{323F5E98-7A11-12F4-82AC-24539AED9C62}"
EndProject
Global
	GlobalSection(SolutionConfigurationPlatforms) = preSolution
		Debug|Any CPU = Debug|Any CPU
		Release|Any CPU = Release|Any CPU
	EndGlobalSection
	GlobalSection(ProjectConfigurationPlatforms) = postSolution
		{61F5EB03-25AF-30F7-C4C9-4E0D6B0CB856}.Debug|Any CPU.ActiveCfg = Debug|Any CPU
		{61F5EB03-25AF-30F7-C4C9-4E0D6B0CB856}.Debug|Any CPU.Build.0 = Debug|Any CPU
		{61F5EB03-25AF-30F7-C4C9-4E0D6B0CB856}.Release|Any CPU.ActiveCfg = Release|Any CPU
		{61F5EB03-25AF-30F7-C4C9-4E0D6B0CB856}.Release|Any CPU.Build.0 = Release|Any CPU
		{BC2F4412-6508-D0A9-66E6-0C3DEFD3AD2A}.Debug|Any CPU.ActiveCfg = Debug|Any CPU
		{BC2F4412-6508-D0A9-66E6-0C3DEFD3AD2A}.Debug|Any CPU.Build.0 = Debug|Any CPU
		{BC2F4412-6508-D0A9-66E6-0C3DEFD3AD2A}.Release|Any CPU.ActiveCfg = Release|Any CPU
		{BC2F4412-6508-D0A9-66E6-0C3DEFD3AD2A}.Release|Any CPU.Build.0 = Release|Any CPU
		{323F5E98-7A11-12F4-82AC-24539AED9C62}.Debug|Any CPU.ActiveCfg = Debug|Any CPU
		{323F5E98-7A11-12F4-82AC-24539AED9C62}.Debug|Any CPU.Build.0 = Debug|Any CPU
		{323F5E98-7A11-12F4-82AC-24539AED9C62}.Release|Any CPU.ActiveCfg = Release|Any CPU
		{323F5E98-7A11-12F4-82AC-24539AED9C62}.Release|Any CPU.Build.0 = Release|Any CPU
	EndGlobalSection
	GlobalSection(SolutionProperties) = preSolution
		HideSolutionNode = FALSE
	EndGlobalSection
																																																																																																																																																																																																																									GlobalSection(MonoDevelopProperties) = preSolution
		StartupItem = Assembly-CSharp.csproj
		Policies = $0
		$0.TextStylePolicy = $1
		$1.inheritsSet = null
		$1.scope = text/x-csharp
		$0.CSharpFormattingPolicy = $2
		$2.inheritsSet = Mono
		$2.inheritsScope = text/x-csharp
		$2.scope = text/x-csharp
		$0.TextStylePolicy = $3
		$3.FileWidth = 120
		$3.TabWidth = 4
		$3.EolMarker = Unix
		$3.inheritsSet = Mono
		$3.inheritsScope = text/plain
		$3.scope = text/plain
	EndGlobalSection

EndGlobal
